// !$*UTF8*$!
{
	archiveVersion = 1;
	classes = {
	};
	objectVersion = 48;
	objects = {

/* Begin PBXBuildFile section */
		DE009D711F8A21AE00E4DF93 /* ConversationsListViewController.swift in Sources */ = {isa = PBXBuildFile; fileRef = DE009D701F8A21AE00E4DF93 /* ConversationsListViewController.swift */; };
		DE009D7B1F8A8E8800E4DF93 /* MessageCell.swift in Sources */ = {isa = PBXBuildFile; fileRef = DE009D7A1F8A8E8800E4DF93 /* MessageCell.swift */; };
		DE040F081F72C9DC00638712 /* AppDelegate.swift in Sources */ = {isa = PBXBuildFile; fileRef = DE040F071F72C9DC00638712 /* AppDelegate.swift */; };
		DE040F0F1F72C9DC00638712 /* Assets.xcassets in Resources */ = {isa = PBXBuildFile; fileRef = DE040F0E1F72C9DC00638712 /* Assets.xcassets */; };
		DE040F121F72C9DC00638712 /* LaunchScreen.storyboard in Resources */ = {isa = PBXBuildFile; fileRef = DE040F101F72C9DC00638712 /* LaunchScreen.storyboard */; };
		DE040F1A1F72D1AD00638712 /* Media.xcassets in Resources */ = {isa = PBXBuildFile; fileRef = DE040F191F72D1AD00638712 /* Media.xcassets */; };
		DE395D8B1F93BE150019370A /* TaskManagers.swift in Sources */ = {isa = PBXBuildFile; fileRef = DE395D8A1F93BE150019370A /* TaskManagers.swift */; };
		DE4A4EFE1F9C8273009F3296 /* CommunicationManager.swift in Sources */ = {isa = PBXBuildFile; fileRef = DE4A4EFD1F9C8273009F3296 /* CommunicationManager.swift */; };
		DE4A4F061F9CB7D5009F3296 /* Protocols.swift in Sources */ = {isa = PBXBuildFile; fileRef = DE4A4F051F9CB7D5009F3296 /* Protocols.swift */; };
		DE4A4F081F9CB932009F3296 /* MultipeerCommunicator.swift in Sources */ = {isa = PBXBuildFile; fileRef = DE4A4F071F9CB932009F3296 /* MultipeerCommunicator.swift */; };
		DE4A4F0C1F9DE972009F3296 /* JSONManager.swift in Sources */ = {isa = PBXBuildFile; fileRef = DE4A4F0B1F9DE972009F3296 /* JSONManager.swift */; };
		DE57A8021FA8969D006B83AB /* ChatDialog.swift in Sources */ = {isa = PBXBuildFile; fileRef = DE57A8011FA8969D006B83AB /* ChatDialog.swift */; };
		DE57A8041FA896AB006B83AB /* ChatMessage.swift in Sources */ = {isa = PBXBuildFile; fileRef = DE57A8031FA896AB006B83AB /* ChatMessage.swift */; };
		DE588B531FAE032E001869ED /* Coordinator.swift in Sources */ = {isa = PBXBuildFile; fileRef = DE588B521FAE032E001869ED /* Coordinator.swift */; };
		DE588B5D1FAE0AB1001869ED /* Storage.xcdatamodeld in Sources */ = {isa = PBXBuildFile; fileRef = DE588B5B1FAE0AB1001869ED /* Storage.xcdatamodeld */; };
		DE8C67761FA8619F00BB65E8 /* ProfileViewController.swift in Sources */ = {isa = PBXBuildFile; fileRef = DE8C67751FA8619F00BB65E8 /* ProfileViewController.swift */; };
		DE8C67781FA861AB00BB65E8 /* ProfileViewControllerModel.swift in Sources */ = {isa = PBXBuildFile; fileRef = DE8C67771FA861AB00BB65E8 /* ProfileViewControllerModel.swift */; };
		DE8C677A1FA861B700BB65E8 /* ProfileViewControllerAssembler.swift in Sources */ = {isa = PBXBuildFile; fileRef = DE8C67791FA861B700BB65E8 /* ProfileViewControllerAssembler.swift */; };
		DE8C677C1FA861CA00BB65E8 /* ProfileView.xib in Resources */ = {isa = PBXBuildFile; fileRef = DE8C677B1FA861CA00BB65E8 /* ProfileView.xib */; };
		DEAA8C761FA7A21600421F4B /* ConversationsListViewController.xib in Resources */ = {isa = PBXBuildFile; fileRef = DEAA8C751FA7A21600421F4B /* ConversationsListViewController.xib */; };
		DEAA8C7B1FA7B8C700421F4B /* ConversationViewController.swift in Sources */ = {isa = PBXBuildFile; fileRef = DEAA8C7A1FA7B8C700421F4B /* ConversationViewController.swift */; };
		DEAA8C7D1FA7B8DB00421F4B /* ConversationViewControllerModel.swift in Sources */ = {isa = PBXBuildFile; fileRef = DEAA8C7C1FA7B8DB00421F4B /* ConversationViewControllerModel.swift */; };
		DEAA8C7F1FA7B8E900421F4B /* ConversationViewControllerAssembler.swift in Sources */ = {isa = PBXBuildFile; fileRef = DEAA8C7E1FA7B8E900421F4B /* ConversationViewControllerAssembler.swift */; };
		DEAA8C811FA7B91400421F4B /* ConversationViewController.xib in Resources */ = {isa = PBXBuildFile; fileRef = DEAA8C801FA7B91400421F4B /* ConversationViewController.xib */; };
		DEE9F8941FA8A7E90095FD80 /* DialogCell.swift in Sources */ = {isa = PBXBuildFile; fileRef = DEE9F8921FA8A7E90095FD80 /* DialogCell.swift */; };
		DEE9F8951FA8A7E90095FD80 /* DialogCell.xib in Resources */ = {isa = PBXBuildFile; fileRef = DEE9F8931FA8A7E90095FD80 /* DialogCell.xib */; };
		DEE9F8991FA8ACFA0095FD80 /* IncomeMessageCell.xib in Resources */ = {isa = PBXBuildFile; fileRef = DEE9F8971FA8ACFA0095FD80 /* IncomeMessageCell.xib */; };
		DEE9F89D1FA8AD1E0095FD80 /* OutcomeMessageCell.xib in Resources */ = {isa = PBXBuildFile; fileRef = DEE9F89B1FA8AD1E0095FD80 /* OutcomeMessageCell.xib */; };
		DEEC92C41FA86557007A64FA /* ProfileServiceProtocol.swift in Sources */ = {isa = PBXBuildFile; fileRef = DEEC92C31FA86557007A64FA /* ProfileServiceProtocol.swift */; };
		DEEC92C61FA86601007A64FA /* Operation.swift in Sources */ = {isa = PBXBuildFile; fileRef = DEEC92C51FA86601007A64FA /* Operation.swift */; };
		DEEC92C81FA8660C007A64FA /* GCD.swift in Sources */ = {isa = PBXBuildFile; fileRef = DEEC92C71FA8660C007A64FA /* GCD.swift */; };
		DEEEF0E31FA78A1700C428EF /* ConversationsListViewControllerModel.swift in Sources */ = {isa = PBXBuildFile; fileRef = DEEEF0E21FA78A1700C428EF /* ConversationsListViewControllerModel.swift */; };
		DEEEF0E91FA78B3700C428EF /* ConversationsListViewControllerAsembler.swift in Sources */ = {isa = PBXBuildFile; fileRef = DEEEF0E81FA78B3700C428EF /* ConversationsListViewControllerAsembler.swift */; };
		DEEEF0F01FA78CC200C428EF /* ProfileManager.swift in Sources */ = {isa = PBXBuildFile; fileRef = DEEEF0EF1FA78CC200C428EF /* ProfileManager.swift */; };
		DEEEF0F21FA78CFB00C428EF /* ChatUser.swift in Sources */ = {isa = PBXBuildFile; fileRef = DEEEF0F11FA78CFB00C428EF /* ChatUser.swift */; };
		DEEEF0F41FA7946E00C428EF /* RootAssembly.swift in Sources */ = {isa = PBXBuildFile; fileRef = DEEEF0F31FA7946E00C428EF /* RootAssembly.swift */; };
/* End PBXBuildFile section */

/* Begin PBXFileReference section */
		DE009D701F8A21AE00E4DF93 /* ConversationsListViewController.swift */ = {isa = PBXFileReference; lastKnownFileType = sourcecode.swift; path = ConversationsListViewController.swift; sourceTree = "<group>"; };
		DE009D7A1F8A8E8800E4DF93 /* MessageCell.swift */ = {isa = PBXFileReference; lastKnownFileType = sourcecode.swift; path = MessageCell.swift; sourceTree = "<group>"; };
		DE040F041F72C9DC00638712 /* TinkoffChat.app */ = {isa = PBXFileReference; explicitFileType = wrapper.application; includeInIndex = 0; path = TinkoffChat.app; sourceTree = BUILT_PRODUCTS_DIR; };
		DE040F071F72C9DC00638712 /* AppDelegate.swift */ = {isa = PBXFileReference; lastKnownFileType = sourcecode.swift; path = AppDelegate.swift; sourceTree = "<group>"; };
		DE040F0E1F72C9DC00638712 /* Assets.xcassets */ = {isa = PBXFileReference; lastKnownFileType = folder.assetcatalog; path = Assets.xcassets; sourceTree = "<group>"; };
		DE040F111F72C9DC00638712 /* Base */ = {isa = PBXFileReference; lastKnownFileType = file.storyboard; name = Base; path = Base.lproj/LaunchScreen.storyboard; sourceTree = "<group>"; };
		DE040F131F72C9DC00638712 /* Info.plist */ = {isa = PBXFileReference; lastKnownFileType = text.plist.xml; path = Info.plist; sourceTree = "<group>"; };
		DE040F191F72D1AD00638712 /* Media.xcassets */ = {isa = PBXFileReference; lastKnownFileType = folder.assetcatalog; path = Media.xcassets; sourceTree = "<group>"; };
		DE395D8A1F93BE150019370A /* TaskManagers.swift */ = {isa = PBXFileReference; lastKnownFileType = sourcecode.swift; path = TaskManagers.swift; sourceTree = "<group>"; };
		DE4A4EFD1F9C8273009F3296 /* CommunicationManager.swift */ = {isa = PBXFileReference; lastKnownFileType = sourcecode.swift; path = CommunicationManager.swift; sourceTree = "<group>"; };
		DE4A4F051F9CB7D5009F3296 /* Protocols.swift */ = {isa = PBXFileReference; lastKnownFileType = sourcecode.swift; path = Protocols.swift; sourceTree = "<group>"; };
		DE4A4F071F9CB932009F3296 /* MultipeerCommunicator.swift */ = {isa = PBXFileReference; fileEncoding = 4; lastKnownFileType = sourcecode.swift; path = MultipeerCommunicator.swift; sourceTree = "<group>"; };
		DE4A4F0B1F9DE972009F3296 /* JSONManager.swift */ = {isa = PBXFileReference; lastKnownFileType = sourcecode.swift; path = JSONManager.swift; sourceTree = "<group>"; };
		DE57A8011FA8969D006B83AB /* ChatDialog.swift */ = {isa = PBXFileReference; lastKnownFileType = sourcecode.swift; path = ChatDialog.swift; sourceTree = "<group>"; };
		DE57A8031FA896AB006B83AB /* ChatMessage.swift */ = {isa = PBXFileReference; lastKnownFileType = sourcecode.swift; path = ChatMessage.swift; sourceTree = "<group>"; };
		DE588B521FAE032E001869ED /* Coordinator.swift */ = {isa = PBXFileReference; lastKnownFileType = sourcecode.swift; path = Coordinator.swift; sourceTree = "<group>"; };
		DE588B5C1FAE0AB1001869ED /* Model.xcdatamodel */ = {isa = PBXFileReference; lastKnownFileType = wrapper.xcdatamodel; path = Model.xcdatamodel; sourceTree = "<group>"; };
		DE8C67751FA8619F00BB65E8 /* ProfileViewController.swift */ = {isa = PBXFileReference; lastKnownFileType = sourcecode.swift; path = ProfileViewController.swift; sourceTree = "<group>"; };
		DE8C67771FA861AB00BB65E8 /* ProfileViewControllerModel.swift */ = {isa = PBXFileReference; lastKnownFileType = sourcecode.swift; path = ProfileViewControllerModel.swift; sourceTree = "<group>"; };
		DE8C67791FA861B700BB65E8 /* ProfileViewControllerAssembler.swift */ = {isa = PBXFileReference; lastKnownFileType = sourcecode.swift; path = ProfileViewControllerAssembler.swift; sourceTree = "<group>"; };
		DE8C677B1FA861CA00BB65E8 /* ProfileView.xib */ = {isa = PBXFileReference; lastKnownFileType = file.xib; path = ProfileView.xib; sourceTree = "<group>"; };
		DEAA8C751FA7A21600421F4B /* ConversationsListViewController.xib */ = {isa = PBXFileReference; lastKnownFileType = file.xib; path = ConversationsListViewController.xib; sourceTree = "<group>"; };
		DEAA8C7A1FA7B8C700421F4B /* ConversationViewController.swift */ = {isa = PBXFileReference; lastKnownFileType = sourcecode.swift; path = ConversationViewController.swift; sourceTree = "<group>"; };
		DEAA8C7C1FA7B8DB00421F4B /* ConversationViewControllerModel.swift */ = {isa = PBXFileReference; lastKnownFileType = sourcecode.swift; path = ConversationViewControllerModel.swift; sourceTree = "<group>"; };
		DEAA8C7E1FA7B8E900421F4B /* ConversationViewControllerAssembler.swift */ = {isa = PBXFileReference; lastKnownFileType = sourcecode.swift; path = ConversationViewControllerAssembler.swift; sourceTree = "<group>"; };
		DEAA8C801FA7B91400421F4B /* ConversationViewController.xib */ = {isa = PBXFileReference; lastKnownFileType = file.xib; path = ConversationViewController.xib; sourceTree = "<group>"; };
		DEE9F8921FA8A7E90095FD80 /* DialogCell.swift */ = {isa = PBXFileReference; lastKnownFileType = sourcecode.swift; path = DialogCell.swift; sourceTree = "<group>"; };
		DEE9F8931FA8A7E90095FD80 /* DialogCell.xib */ = {isa = PBXFileReference; lastKnownFileType = file.xib; path = DialogCell.xib; sourceTree = "<group>"; };
		DEE9F8971FA8ACFA0095FD80 /* IncomeMessageCell.xib */ = {isa = PBXFileReference; lastKnownFileType = file.xib; path = IncomeMessageCell.xib; sourceTree = "<group>"; };
		DEE9F89B1FA8AD1E0095FD80 /* OutcomeMessageCell.xib */ = {isa = PBXFileReference; lastKnownFileType = file.xib; path = OutcomeMessageCell.xib; sourceTree = "<group>"; };
		DEEC92C31FA86557007A64FA /* ProfileServiceProtocol.swift */ = {isa = PBXFileReference; lastKnownFileType = sourcecode.swift; path = ProfileServiceProtocol.swift; sourceTree = "<group>"; };
		DEEC92C51FA86601007A64FA /* Operation.swift */ = {isa = PBXFileReference; lastKnownFileType = sourcecode.swift; path = Operation.swift; sourceTree = "<group>"; };
		DEEC92C71FA8660C007A64FA /* GCD.swift */ = {isa = PBXFileReference; lastKnownFileType = sourcecode.swift; path = GCD.swift; sourceTree = "<group>"; };
		DEEEF0E21FA78A1700C428EF /* ConversationsListViewControllerModel.swift */ = {isa = PBXFileReference; lastKnownFileType = sourcecode.swift; path = ConversationsListViewControllerModel.swift; sourceTree = "<group>"; };
		DEEEF0E81FA78B3700C428EF /* ConversationsListViewControllerAsembler.swift */ = {isa = PBXFileReference; lastKnownFileType = sourcecode.swift; path = ConversationsListViewControllerAsembler.swift; sourceTree = "<group>"; };
		DEEEF0EF1FA78CC200C428EF /* ProfileManager.swift */ = {isa = PBXFileReference; lastKnownFileType = sourcecode.swift; path = ProfileManager.swift; sourceTree = "<group>"; };
		DEEEF0F11FA78CFB00C428EF /* ChatUser.swift */ = {isa = PBXFileReference; lastKnownFileType = sourcecode.swift; path = ChatUser.swift; sourceTree = "<group>"; };
		DEEEF0F31FA7946E00C428EF /* RootAssembly.swift */ = {isa = PBXFileReference; lastKnownFileType = sourcecode.swift; path = RootAssembly.swift; sourceTree = "<group>"; };
/* End PBXFileReference section */

/* Begin PBXFrameworksBuildPhase section */
		DE040F011F72C9DC00638712 /* Frameworks */ = {
			isa = PBXFrameworksBuildPhase;
			buildActionMask = 2147483647;
			files = (
			);
			runOnlyForDeploymentPostprocessing = 0;
		};
/* End PBXFrameworksBuildPhase section */

/* Begin PBXGroup section */
		DE040EFB1F72C9DC00638712 = {
			isa = PBXGroup;
			children = (
				DE040F061F72C9DC00638712 /* TinkoffChat */,
				DE040F051F72C9DC00638712 /* Products */,
			);
			sourceTree = "<group>";
		};
		DE040F051F72C9DC00638712 /* Products */ = {
			isa = PBXGroup;
			children = (
				DE040F041F72C9DC00638712 /* TinkoffChat.app */,
			);
			name = Products;
			sourceTree = "<group>";
		};
		DE040F061F72C9DC00638712 /* TinkoffChat */ = {
			isa = PBXGroup;
			children = (
				DE588B5B1FAE0AB1001869ED /* Storage.xcdatamodeld */,
				DEEEF0F31FA7946E00C428EF /* RootAssembly.swift */,
				DEEEF0EC1FA78C0300C428EF /* CoreLayer */,
				DEEEF0E71FA78AE200C428EF /* ServiceLayer */,
				DEEEF0DF1FA7895200C428EF /* Presentation Layer */,
				DE040F071F72C9DC00638712 /* AppDelegate.swift */,
				DE040F0E1F72C9DC00638712 /* Assets.xcassets */,
				DE040F101F72C9DC00638712 /* LaunchScreen.storyboard */,
				DE040F131F72C9DC00638712 /* Info.plist */,
				DE040F191F72D1AD00638712 /* Media.xcassets */,
				DE4A4F051F9CB7D5009F3296 /* Protocols.swift */,
			);
			path = TinkoffChat;
			sourceTree = "<group>";
		};
		DE588B511FAE02E2001869ED /* CoreData */ = {
			isa = PBXGroup;
			children = (
				DE588B521FAE032E001869ED /* Coordinator.swift */,
			);
			path = CoreData;
			sourceTree = "<group>";
		};
		DE8C67741FA8617900BB65E8 /* ProfileViewController */ = {
			isa = PBXGroup;
			children = (
				DE8C67751FA8619F00BB65E8 /* ProfileViewController.swift */,
				DE8C67771FA861AB00BB65E8 /* ProfileViewControllerModel.swift */,
				DE8C67791FA861B700BB65E8 /* ProfileViewControllerAssembler.swift */,
				DE8C677B1FA861CA00BB65E8 /* ProfileView.xib */,
			);
			path = ProfileViewController;
			sourceTree = "<group>";
		};
		DEAA8C791FA7B8A000421F4B /* ConversationViewController */ = {
			isa = PBXGroup;
			children = (
				DEAA8C7A1FA7B8C700421F4B /* ConversationViewController.swift */,
				DEAA8C7C1FA7B8DB00421F4B /* ConversationViewControllerModel.swift */,
				DEAA8C7E1FA7B8E900421F4B /* ConversationViewControllerAssembler.swift */,
				DE009D7A1F8A8E8800E4DF93 /* MessageCell.swift */,
				DEAA8C801FA7B91400421F4B /* ConversationViewController.xib */,
				DEE9F8971FA8ACFA0095FD80 /* IncomeMessageCell.xib */,
				DEE9F89B1FA8AD1E0095FD80 /* OutcomeMessageCell.xib */,
			);
			path = ConversationViewController;
			sourceTree = "<group>";
		};
		DEEEF0DF1FA7895200C428EF /* Presentation Layer */ = {
			isa = PBXGroup;
			children = (
				DEEEF0E01FA7897400C428EF /* Modules */,
			);
			path = "Presentation Layer";
			sourceTree = "<group>";
		};
		DEEEF0E01FA7897400C428EF /* Modules */ = {
			isa = PBXGroup;
			children = (
				DE8C67741FA8617900BB65E8 /* ProfileViewController */,
				DEAA8C791FA7B8A000421F4B /* ConversationViewController */,
				DEEEF0E11FA7898800C428EF /* ConversationListViewController */,
			);
			path = Modules;
			sourceTree = "<group>";
		};
		DEEEF0E11FA7898800C428EF /* ConversationListViewController */ = {
			isa = PBXGroup;
			children = (
				DE009D701F8A21AE00E4DF93 /* ConversationsListViewController.swift */,
				DEEEF0E21FA78A1700C428EF /* ConversationsListViewControllerModel.swift */,
				DEEEF0E81FA78B3700C428EF /* ConversationsListViewControllerAsembler.swift */,
				DEAA8C751FA7A21600421F4B /* ConversationsListViewController.xib */,
				DEE9F8921FA8A7E90095FD80 /* DialogCell.swift */,
				DEE9F8931FA8A7E90095FD80 /* DialogCell.xib */,
			);
			path = ConversationListViewController;
			sourceTree = "<group>";
		};
		DEEEF0E71FA78AE200C428EF /* ServiceLayer */ = {
			isa = PBXGroup;
			children = (
				DE4A4F0B1F9DE972009F3296 /* JSONManager.swift */,
				DE4A4EFD1F9C8273009F3296 /* CommunicationManager.swift */,
				DEEEF0EF1FA78CC200C428EF /* ProfileManager.swift */,
				DE57A8011FA8969D006B83AB /* ChatDialog.swift */,
				DE57A8031FA896AB006B83AB /* ChatMessage.swift */,
			);
			path = ServiceLayer;
			sourceTree = "<group>";
		};
		DEEEF0EC1FA78C0300C428EF /* CoreLayer */ = {
			isa = PBXGroup;
			children = (
				DE588B511FAE02E2001869ED /* CoreData */,
				DEEEF0EE1FA78C6700C428EF /* MultiThreading */,
				DEEEF0ED1FA78C4800C428EF /* MultipeerCommunication */,
			);
			path = CoreLayer;
			sourceTree = "<group>";
		};
		DEEEF0ED1FA78C4800C428EF /* MultipeerCommunication */ = {
			isa = PBXGroup;
			children = (
				DE4A4F071F9CB932009F3296 /* MultipeerCommunicator.swift */,
				DEEEF0F11FA78CFB00C428EF /* ChatUser.swift */,
			);
			path = MultipeerCommunication;
			sourceTree = "<group>";
		};
		DEEEF0EE1FA78C6700C428EF /* MultiThreading */ = {
			isa = PBXGroup;
			children = (
				DE395D8A1F93BE150019370A /* TaskManagers.swift */,
				DEEC92C31FA86557007A64FA /* ProfileServiceProtocol.swift */,
				DEEC92C51FA86601007A64FA /* Operation.swift */,
				DEEC92C71FA8660C007A64FA /* GCD.swift */,
			);
			path = MultiThreading;
			sourceTree = "<group>";
		};
/* End PBXGroup section */

/* Begin PBXNativeTarget section */
		DE040F031F72C9DC00638712 /* TinkoffChat */ = {
			isa = PBXNativeTarget;
			buildConfigurationList = DE040F161F72C9DC00638712 /* Build configuration list for PBXNativeTarget "TinkoffChat" */;
			buildPhases = (
				DE040F001F72C9DC00638712 /* Sources */,
				DE040F011F72C9DC00638712 /* Frameworks */,
				DE040F021F72C9DC00638712 /* Resources */,
			);
			buildRules = (
			);
			dependencies = (
			);
			name = TinkoffChat;
			productName = TinkoffChat;
			productReference = DE040F041F72C9DC00638712 /* TinkoffChat.app */;
			productType = "com.apple.product-type.application";
		};
/* End PBXNativeTarget section */

/* Begin PBXProject section */
		DE040EFC1F72C9DC00638712 /* Project object */ = {
			isa = PBXProject;
			attributes = {
				LastSwiftUpdateCheck = 0900;
				LastUpgradeCheck = 0900;
				ORGANIZATIONNAME = "Aleksander Evtuhov";
				TargetAttributes = {
					DE040F031F72C9DC00638712 = {
						CreatedOnToolsVersion = 9.0;
						ProvisioningStyle = Automatic;
					};
				};
			};
			buildConfigurationList = DE040EFF1F72C9DC00638712 /* Build configuration list for PBXProject "TinkoffChat" */;
			compatibilityVersion = "Xcode 8.0";
			developmentRegion = en;
			hasScannedForEncodings = 0;
			knownRegions = (
				en,
				Base,
			);
			mainGroup = DE040EFB1F72C9DC00638712;
			productRefGroup = DE040F051F72C9DC00638712 /* Products */;
			projectDirPath = "";
			projectRoot = "";
			targets = (
				DE040F031F72C9DC00638712 /* TinkoffChat */,
			);
		};
/* End PBXProject section */

/* Begin PBXResourcesBuildPhase section */
		DE040F021F72C9DC00638712 /* Resources */ = {
			isa = PBXResourcesBuildPhase;
			buildActionMask = 2147483647;
			files = (
				DEE9F8991FA8ACFA0095FD80 /* IncomeMessageCell.xib in Resources */,
				DE040F121F72C9DC00638712 /* LaunchScreen.storyboard in Resources */,
				DEAA8C811FA7B91400421F4B /* ConversationViewController.xib in Resources */,
				DE8C677C1FA861CA00BB65E8 /* ProfileView.xib in Resources */,
				DEE9F89D1FA8AD1E0095FD80 /* OutcomeMessageCell.xib in Resources */,
				DE040F0F1F72C9DC00638712 /* Assets.xcassets in Resources */,
				DEAA8C761FA7A21600421F4B /* ConversationsListViewController.xib in Resources */,
				DEE9F8951FA8A7E90095FD80 /* DialogCell.xib in Resources */,
				DE040F1A1F72D1AD00638712 /* Media.xcassets in Resources */,
			);
			runOnlyForDeploymentPostprocessing = 0;
		};
/* End PBXResourcesBuildPhase section */

/* Begin PBXSourcesBuildPhase section */
		DE040F001F72C9DC00638712 /* Sources */ = {
			isa = PBXSourcesBuildPhase;
			buildActionMask = 2147483647;
			files = (
				DEEEF0E91FA78B3700C428EF /* ConversationsListViewControllerAsembler.swift in Sources */,
				DE8C677A1FA861B700BB65E8 /* ProfileViewControllerAssembler.swift in Sources */,
				DE588B531FAE032E001869ED /* Coordinator.swift in Sources */,
				DE57A8021FA8969D006B83AB /* ChatDialog.swift in Sources */,
				DEAA8C7B1FA7B8C700421F4B /* ConversationViewController.swift in Sources */,
				DE4A4F0C1F9DE972009F3296 /* JSONManager.swift in Sources */,
				DEEEF0F21FA78CFB00C428EF /* ChatUser.swift in Sources */,
				DEEC92C41FA86557007A64FA /* ProfileServiceProtocol.swift in Sources */,
				DE009D7B1F8A8E8800E4DF93 /* MessageCell.swift in Sources */,
				DEEEF0F41FA7946E00C428EF /* RootAssembly.swift in Sources */,
				DEE9F8941FA8A7E90095FD80 /* DialogCell.swift in Sources */,
				DEAA8C7F1FA7B8E900421F4B /* ConversationViewControllerAssembler.swift in Sources */,
				DEAA8C7D1FA7B8DB00421F4B /* ConversationViewControllerModel.swift in Sources */,
				DE4A4F081F9CB932009F3296 /* MultipeerCommunicator.swift in Sources */,
				DEEC92C61FA86601007A64FA /* Operation.swift in Sources */,
				DEEC92C81FA8660C007A64FA /* GCD.swift in Sources */,
				DEEEF0E31FA78A1700C428EF /* ConversationsListViewControllerModel.swift in Sources */,
				DE4A4F061F9CB7D5009F3296 /* Protocols.swift in Sources */,
				DE57A8041FA896AB006B83AB /* ChatMessage.swift in Sources */,
				DE040F081F72C9DC00638712 /* AppDelegate.swift in Sources */,
				DEEEF0F01FA78CC200C428EF /* ProfileManager.swift in Sources */,
				DE8C67781FA861AB00BB65E8 /* ProfileViewControllerModel.swift in Sources */,
				DE009D711F8A21AE00E4DF93 /* ConversationsListViewController.swift in Sources */,
				DE8C67761FA8619F00BB65E8 /* ProfileViewController.swift in Sources */,
				DE4A4EFE1F9C8273009F3296 /* CommunicationManager.swift in Sources */,
				DE395D8B1F93BE150019370A /* TaskManagers.swift in Sources */,
				DE588B5D1FAE0AB1001869ED /* Storage.xcdatamodeld in Sources */,
			);
			runOnlyForDeploymentPostprocessing = 0;
		};
/* End PBXSourcesBuildPhase section */

/* Begin PBXVariantGroup section */
		DE040F101F72C9DC00638712 /* LaunchScreen.storyboard */ = {
			isa = PBXVariantGroup;
			children = (
				DE040F111F72C9DC00638712 /* Base */,
			);
			name = LaunchScreen.storyboard;
			sourceTree = "<group>";
		};
/* End PBXVariantGroup section */

/* Begin XCBuildConfiguration section */
		DE040F141F72C9DC00638712 /* Debug */ = {
			isa = XCBuildConfiguration;
			buildSettings = {
				ALWAYS_SEARCH_USER_PATHS = NO;
				CLANG_ANALYZER_NONNULL = YES;
				CLANG_ANALYZER_NUMBER_OBJECT_CONVERSION = YES_AGGRESSIVE;
				CLANG_CXX_LANGUAGE_STANDARD = "gnu++14";
				CLANG_CXX_LIBRARY = "libc++";
				CLANG_ENABLE_MODULES = YES;
				CLANG_ENABLE_OBJC_ARC = YES;
				CLANG_WARN_BLOCK_CAPTURE_AUTORELEASING = YES;
				CLANG_WARN_BOOL_CONVERSION = YES;
				CLANG_WARN_COMMA = YES;
				CLANG_WARN_CONSTANT_CONVERSION = YES;
				CLANG_WARN_DIRECT_OBJC_ISA_USAGE = YES_ERROR;
				CLANG_WARN_DOCUMENTATION_COMMENTS = YES;
				CLANG_WARN_EMPTY_BODY = YES;
				CLANG_WARN_ENUM_CONVERSION = YES;
				CLANG_WARN_INFINITE_RECURSION = YES;
				CLANG_WARN_INT_CONVERSION = YES;
				CLANG_WARN_NON_LITERAL_NULL_CONVERSION = YES;
				CLANG_WARN_OBJC_LITERAL_CONVERSION = YES;
				CLANG_WARN_OBJC_ROOT_CLASS = YES_ERROR;
				CLANG_WARN_RANGE_LOOP_ANALYSIS = YES;
				CLANG_WARN_STRICT_PROTOTYPES = YES;
				CLANG_WARN_SUSPICIOUS_MOVE = YES;
				CLANG_WARN_UNGUARDED_AVAILABILITY = YES_AGGRESSIVE;
				CLANG_WARN_UNREACHABLE_CODE = YES;
				CLANG_WARN__DUPLICATE_METHOD_MATCH = YES;
				CODE_SIGN_IDENTITY = "iPhone Developer";
				COPY_PHASE_STRIP = NO;
				DEBUG_INFORMATION_FORMAT = dwarf;
				ENABLE_STRICT_OBJC_MSGSEND = YES;
				ENABLE_TESTABILITY = YES;
				GCC_C_LANGUAGE_STANDARD = gnu11;
				GCC_DYNAMIC_NO_PIC = NO;
				GCC_NO_COMMON_BLOCKS = YES;
				GCC_OPTIMIZATION_LEVEL = 0;
				GCC_PREPROCESSOR_DEFINITIONS = (
					"DEBUG=1",
					"$(inherited)",
				);
				GCC_WARN_64_TO_32_BIT_CONVERSION = YES;
				GCC_WARN_ABOUT_RETURN_TYPE = YES_ERROR;
				GCC_WARN_UNDECLARED_SELECTOR = YES;
				GCC_WARN_UNINITIALIZED_AUTOS = YES_AGGRESSIVE;
				GCC_WARN_UNUSED_FUNCTION = YES;
				GCC_WARN_UNUSED_VARIABLE = YES;
				IPHONEOS_DEPLOYMENT_TARGET = 11.0;
				MTL_ENABLE_DEBUG_INFO = YES;
				ONLY_ACTIVE_ARCH = YES;
				SDKROOT = iphoneos;
				SWIFT_ACTIVE_COMPILATION_CONDITIONS = DEBUG;
				SWIFT_OPTIMIZATION_LEVEL = "-Onone";
			};
			name = Debug;
		};
		DE040F151F72C9DC00638712 /* Release */ = {
			isa = XCBuildConfiguration;
			buildSettings = {
				ALWAYS_SEARCH_USER_PATHS = NO;
				CLANG_ANALYZER_NONNULL = YES;
				CLANG_ANALYZER_NUMBER_OBJECT_CONVERSION = YES_AGGRESSIVE;
				CLANG_CXX_LANGUAGE_STANDARD = "gnu++14";
				CLANG_CXX_LIBRARY = "libc++";
				CLANG_ENABLE_MODULES = YES;
				CLANG_ENABLE_OBJC_ARC = YES;
				CLANG_WARN_BLOCK_CAPTURE_AUTORELEASING = YES;
				CLANG_WARN_BOOL_CONVERSION = YES;
				CLANG_WARN_COMMA = YES;
				CLANG_WARN_CONSTANT_CONVERSION = YES;
				CLANG_WARN_DIRECT_OBJC_ISA_USAGE = YES_ERROR;
				CLANG_WARN_DOCUMENTATION_COMMENTS = YES;
				CLANG_WARN_EMPTY_BODY = YES;
				CLANG_WARN_ENUM_CONVERSION = YES;
				CLANG_WARN_INFINITE_RECURSION = YES;
				CLANG_WARN_INT_CONVERSION = YES;
				CLANG_WARN_NON_LITERAL_NULL_CONVERSION = YES;
				CLANG_WARN_OBJC_LITERAL_CONVERSION = YES;
				CLANG_WARN_OBJC_ROOT_CLASS = YES_ERROR;
				CLANG_WARN_RANGE_LOOP_ANALYSIS = YES;
				CLANG_WARN_STRICT_PROTOTYPES = YES;
				CLANG_WARN_SUSPICIOUS_MOVE = YES;
				CLANG_WARN_UNGUARDED_AVAILABILITY = YES_AGGRESSIVE;
				CLANG_WARN_UNREACHABLE_CODE = YES;
				CLANG_WARN__DUPLICATE_METHOD_MATCH = YES;
				CODE_SIGN_IDENTITY = "iPhone Developer";
				COPY_PHASE_STRIP = NO;
				DEBUG_INFORMATION_FORMAT = "dwarf-with-dsym";
				ENABLE_NS_ASSERTIONS = NO;
				ENABLE_STRICT_OBJC_MSGSEND = YES;
				GCC_C_LANGUAGE_STANDARD = gnu11;
				GCC_NO_COMMON_BLOCKS = YES;
				GCC_WARN_64_TO_32_BIT_CONVERSION = YES;
				GCC_WARN_ABOUT_RETURN_TYPE = YES_ERROR;
				GCC_WARN_UNDECLARED_SELECTOR = YES;
				GCC_WARN_UNINITIALIZED_AUTOS = YES_AGGRESSIVE;
				GCC_WARN_UNUSED_FUNCTION = YES;
				GCC_WARN_UNUSED_VARIABLE = YES;
				IPHONEOS_DEPLOYMENT_TARGET = 11.0;
				MTL_ENABLE_DEBUG_INFO = NO;
				SDKROOT = iphoneos;
				SWIFT_OPTIMIZATION_LEVEL = "-Owholemodule";
				VALIDATE_PRODUCT = YES;
			};
			name = Release;
		};
		DE040F171F72C9DC00638712 /* Debug */ = {
			isa = XCBuildConfiguration;
			buildSettings = {
				ASSETCATALOG_COMPILER_APPICON_NAME = AppIcon;
				CODE_SIGN_STYLE = Automatic;
				INFOPLIST_FILE = TinkoffChat/Info.plist;
				LD_RUNPATH_SEARCH_PATHS = "$(inherited) @executable_path/Frameworks";
				PRODUCT_BUNDLE_IDENTIFIER = TCS.TinkoffChat;
				PRODUCT_NAME = "$(TARGET_NAME)";
				SWIFT_VERSION = 4.0;
				TARGETED_DEVICE_FAMILY = "1,2";
			};
			name = Debug;
		};
		DE040F181F72C9DC00638712 /* Release */ = {
			isa = XCBuildConfiguration;
			buildSettings = {
				ASSETCATALOG_COMPILER_APPICON_NAME = AppIcon;
				CODE_SIGN_STYLE = Automatic;
				INFOPLIST_FILE = TinkoffChat/Info.plist;
				LD_RUNPATH_SEARCH_PATHS = "$(inherited) @executable_path/Frameworks";
				PRODUCT_BUNDLE_IDENTIFIER = TCS.TinkoffChat;
				PRODUCT_NAME = "$(TARGET_NAME)";
				SWIFT_VERSION = 4.0;
				TARGETED_DEVICE_FAMILY = "1,2";
			};
			name = Release;
		};
/* End XCBuildConfiguration section */

/* Begin XCConfigurationList section */
		DE040EFF1F72C9DC00638712 /* Build configuration list for PBXProject "TinkoffChat" */ = {
			isa = XCConfigurationList;
			buildConfigurations = (
				DE040F141F72C9DC00638712 /* Debug */,
				DE040F151F72C9DC00638712 /* Release */,
			);
			defaultConfigurationIsVisible = 0;
			defaultConfigurationName = Release;
		};
		DE040F161F72C9DC00638712 /* Build configuration list for PBXNativeTarget "TinkoffChat" */ = {
			isa = XCConfigurationList;
			buildConfigurations = (
				DE040F171F72C9DC00638712 /* Debug */,
				DE040F181F72C9DC00638712 /* Release */,
			);
			defaultConfigurationIsVisible = 0;
			defaultConfigurationName = Release;
		};
/* End XCConfigurationList section */

/* Begin XCVersionGroup section */
		DE588B5B1FAE0AB1001869ED /* Storage.xcdatamodeld */ = {
			isa = XCVersionGroup;
			children = (
				DE588B5C1FAE0AB1001869ED /* Model.xcdatamodel */,
			);
			currentVersion = DE588B5C1FAE0AB1001869ED /* Model.xcdatamodel */;
			path = Storage.xcdatamodeld;
			sourceTree = "<group>";
			versionGroupType = wrapper.xcdatamodel;
		};
/* End XCVersionGroup section */
	};
	rootObject = DE040EFC1F72C9DC00638712 /* Project object */;
}
